// !$*UTF8*$!
{
	archiveVersion = 1;
	classes = {
	};
	objectVersion = 55;
	objects = {

/* Begin PBXBuildFile section */
		C30EF05E279C080E00CAFD65 /* AppDelegate.swift in Sources */ = {isa = PBXBuildFile; fileRef = C30EF05D279C080E00CAFD65 /* AppDelegate.swift */; };
		C30EF060279C080E00CAFD65 /* SceneDelegate.swift in Sources */ = {isa = PBXBuildFile; fileRef = C30EF05F279C080E00CAFD65 /* SceneDelegate.swift */; };
		C30EF065279C080E00CAFD65 /* Main.storyboard in Resources */ = {isa = PBXBuildFile; fileRef = C30EF063279C080E00CAFD65 /* Main.storyboard */; };
		C30EF067279C080F00CAFD65 /* Assets.xcassets in Resources */ = {isa = PBXBuildFile; fileRef = C30EF066279C080F00CAFD65 /* Assets.xcassets */; };
		C30EF06A279C080F00CAFD65 /* LaunchScreen.storyboard in Resources */ = {isa = PBXBuildFile; fileRef = C30EF068279C080F00CAFD65 /* LaunchScreen.storyboard */; };
		C33BFD9727A989BD00EC3AF2 /* StorageManager.swift in Sources */ = {isa = PBXBuildFile; fileRef = C33BFD9627A989BD00EC3AF2 /* StorageManager.swift */; };
		C35F23EF279FDED800283FDF /* CurrentDataViewCell.swift in Sources */ = {isa = PBXBuildFile; fileRef = C35F23EE279FDED800283FDF /* CurrentDataViewCell.swift */; };
		C37D0A1C279E9914006F6EB9 /* Exchange.swift in Sources */ = {isa = PBXBuildFile; fileRef = C37D0A1B279E9914006F6EB9 /* Exchange.swift */; };
		C3AA491E279D58340030A0F6 /* SelectNewValuteViewController.swift in Sources */ = {isa = PBXBuildFile; fileRef = C3AA491D279D58340030A0F6 /* SelectNewValuteViewController.swift */; };
		C3AA4920279D596B0030A0F6 /* NetworkManager.swift in Sources */ = {isa = PBXBuildFile; fileRef = C3AA491F279D596B0030A0F6 /* NetworkManager.swift */; };
		C3AA4924279D59E70030A0F6 /* CurrentDataViewController.swift in Sources */ = {isa = PBXBuildFile; fileRef = C3AA4923279D59E70030A0F6 /* CurrentDataViewController.swift */; };
		C3AA4928279DA7540030A0F6 /* CurrencySelectViewCell.swift in Sources */ = {isa = PBXBuildFile; fileRef = C3AA4927279DA7540030A0F6 /* CurrencySelectViewCell.swift */; };
		C3AA492A279DA9140030A0F6 /* DataManager.swift in Sources */ = {isa = PBXBuildFile; fileRef = C3AA4929279DA9140030A0F6 /* DataManager.swift */; };
		C3AA492C279DC8AA0030A0F6 /* ModelDataManager.swift in Sources */ = {isa = PBXBuildFile; fileRef = C3AA492B279DC8AA0030A0F6 /* ModelDataManager.swift */; };
/* End PBXBuildFile section */

/* Begin PBXFileReference section */
		C30EF05A279C080E00CAFD65 /* Currency.app */ = {isa = PBXFileReference; explicitFileType = wrapper.application; includeInIndex = 0; path = Currency.app; sourceTree = BUILT_PRODUCTS_DIR; };
		C30EF05D279C080E00CAFD65 /* AppDelegate.swift */ = {isa = PBXFileReference; lastKnownFileType = sourcecode.swift; path = AppDelegate.swift; sourceTree = "<group>"; };
		C30EF05F279C080E00CAFD65 /* SceneDelegate.swift */ = {isa = PBXFileReference; lastKnownFileType = sourcecode.swift; path = SceneDelegate.swift; sourceTree = "<group>"; };
		C30EF064279C080E00CAFD65 /* Base */ = {isa = PBXFileReference; lastKnownFileType = file.storyboard; name = Base; path = Base.lproj/Main.storyboard; sourceTree = "<group>"; };
		C30EF066279C080F00CAFD65 /* Assets.xcassets */ = {isa = PBXFileReference; lastKnownFileType = folder.assetcatalog; path = Assets.xcassets; sourceTree = "<group>"; };
		C30EF069279C080F00CAFD65 /* Base */ = {isa = PBXFileReference; lastKnownFileType = file.storyboard; name = Base; path = Base.lproj/LaunchScreen.storyboard; sourceTree = "<group>"; };
		C30EF06B279C080F00CAFD65 /* Info.plist */ = {isa = PBXFileReference; lastKnownFileType = text.plist.xml; path = Info.plist; sourceTree = "<group>"; };
		C33BFD9627A989BD00EC3AF2 /* StorageManager.swift */ = {isa = PBXFileReference; lastKnownFileType = sourcecode.swift; path = StorageManager.swift; sourceTree = "<group>"; };
		C35F23EE279FDED800283FDF /* CurrentDataViewCell.swift */ = {isa = PBXFileReference; lastKnownFileType = sourcecode.swift; path = CurrentDataViewCell.swift; sourceTree = "<group>"; };
		C37D0A1B279E9914006F6EB9 /* Exchange.swift */ = {isa = PBXFileReference; lastKnownFileType = sourcecode.swift; path = Exchange.swift; sourceTree = "<group>"; };
		C3AA491D279D58340030A0F6 /* SelectNewValuteViewController.swift */ = {isa = PBXFileReference; lastKnownFileType = sourcecode.swift; path = SelectNewValuteViewController.swift; sourceTree = "<group>"; };
		C3AA491F279D596B0030A0F6 /* NetworkManager.swift */ = {isa = PBXFileReference; lastKnownFileType = sourcecode.swift; path = NetworkManager.swift; sourceTree = "<group>"; };
		C3AA4923279D59E70030A0F6 /* CurrentDataViewController.swift */ = {isa = PBXFileReference; lastKnownFileType = sourcecode.swift; path = CurrentDataViewController.swift; sourceTree = "<group>"; };
		C3AA4927279DA7540030A0F6 /* CurrencySelectViewCell.swift */ = {isa = PBXFileReference; lastKnownFileType = sourcecode.swift; path = CurrencySelectViewCell.swift; sourceTree = "<group>"; };
		C3AA4929279DA9140030A0F6 /* DataManager.swift */ = {isa = PBXFileReference; lastKnownFileType = sourcecode.swift; path = DataManager.swift; sourceTree = "<group>"; };
		C3AA492B279DC8AA0030A0F6 /* ModelDataManager.swift */ = {isa = PBXFileReference; lastKnownFileType = sourcecode.swift; path = ModelDataManager.swift; sourceTree = "<group>"; };
/* End PBXFileReference section */

/* Begin PBXFrameworksBuildPhase section */
		C30EF057279C080E00CAFD65 /* Frameworks */ = {
			isa = PBXFrameworksBuildPhase;
			buildActionMask = 2147483647;
			files = (
			);
			runOnlyForDeploymentPostprocessing = 0;
		};
/* End PBXFrameworksBuildPhase section */

/* Begin PBXGroup section */
		C30EF051279C080E00CAFD65 = {
			isa = PBXGroup;
			children = (
				C30EF05C279C080E00CAFD65 /* Currency */,
				C30EF05B279C080E00CAFD65 /* Products */,
			);
			sourceTree = "<group>";
		};
		C30EF05B279C080E00CAFD65 /* Products */ = {
			isa = PBXGroup;
			children = (
				C30EF05A279C080E00CAFD65 /* Currency.app */,
			);
			name = Products;
			sourceTree = "<group>";
		};
		C30EF05C279C080E00CAFD65 /* Currency */ = {
			isa = PBXGroup;
			children = (
				C30EF076279C1E7B00CAFD65 /* Services */,
				C30EF075279C099A00CAFD65 /* Models */,
				C30EF072279C094F00CAFD65 /* SupportingFiles */,
				C30EF073279C095E00CAFD65 /* ViewControllers */,
				C37D0A1D279ECC9E006F6EB9 /* Views */,
				C30EF071279C093400CAFD65 /* Storyboards */,
				C30EF074279C096700CAFD65 /* Sources */,
			);
			path = Currency;
			sourceTree = "<group>";
		};
		C30EF071279C093400CAFD65 /* Storyboards */ = {
			isa = PBXGroup;
			children = (
				C30EF063279C080E00CAFD65 /* Main.storyboard */,
				C30EF068279C080F00CAFD65 /* LaunchScreen.storyboard */,
			);
			path = Storyboards;
			sourceTree = "<group>";
		};
		C30EF072279C094F00CAFD65 /* SupportingFiles */ = {
			isa = PBXGroup;
			children = (
				C30EF05D279C080E00CAFD65 /* AppDelegate.swift */,
				C30EF05F279C080E00CAFD65 /* SceneDelegate.swift */,
				C30EF06B279C080F00CAFD65 /* Info.plist */,
			);
			path = SupportingFiles;
			sourceTree = "<group>";
		};
		C30EF073279C095E00CAFD65 /* ViewControllers */ = {
			isa = PBXGroup;
			children = (
				C3AA4923279D59E70030A0F6 /* CurrentDataViewController.swift */,
				C3AA491D279D58340030A0F6 /* SelectNewValuteViewController.swift */,
			);
			path = ViewControllers;
			sourceTree = "<group>";
		};
		C30EF074279C096700CAFD65 /* Sources */ = {
			isa = PBXGroup;
			children = (
				C30EF066279C080F00CAFD65 /* Assets.xcassets */,
			);
			path = Sources;
			sourceTree = "<group>";
		};
		C30EF075279C099A00CAFD65 /* Models */ = {
			isa = PBXGroup;
			children = (
				C37D0A1B279E9914006F6EB9 /* Exchange.swift */,
				C3AA4929279DA9140030A0F6 /* DataManager.swift */,
				C3AA492B279DC8AA0030A0F6 /* ModelDataManager.swift */,
			);
			path = Models;
			sourceTree = "<group>";
		};
		C30EF076279C1E7B00CAFD65 /* Services */ = {
			isa = PBXGroup;
			children = (
				C3AA491F279D596B0030A0F6 /* NetworkManager.swift */,
				C33BFD9627A989BD00EC3AF2 /* StorageManager.swift */,
			);
			path = Services;
			sourceTree = "<group>";
		};
		C37D0A1D279ECC9E006F6EB9 /* Views */ = {
			isa = PBXGroup;
			children = (
				C35F23EE279FDED800283FDF /* CurrentDataViewCell.swift */,
				C3AA4927279DA7540030A0F6 /* CurrencySelectViewCell.swift */,
			);
			path = Views;
			sourceTree = "<group>";
		};
/* End PBXGroup section */

/* Begin PBXNativeTarget section */
		C30EF059279C080E00CAFD65 /* Currency */ = {
			isa = PBXNativeTarget;
			buildConfigurationList = C30EF06E279C080F00CAFD65 /* Build configuration list for PBXNativeTarget "Currency" */;
			buildPhases = (
				C30EF056279C080E00CAFD65 /* Sources */,
				C30EF057279C080E00CAFD65 /* Frameworks */,
				C30EF058279C080E00CAFD65 /* Resources */,
			);
			buildRules = (
			);
			dependencies = (
			);
			name = Currency;
			productName = Currency;
			productReference = C30EF05A279C080E00CAFD65 /* Currency.app */;
			productType = "com.apple.product-type.application";
		};
/* End PBXNativeTarget section */

/* Begin PBXProject section */
		C30EF052279C080E00CAFD65 /* Project object */ = {
			isa = PBXProject;
			attributes = {
				BuildIndependentTargetsInParallel = 1;
				LastSwiftUpdateCheck = 1320;
				LastUpgradeCheck = 1320;
				TargetAttributes = {
					C30EF059279C080E00CAFD65 = {
						CreatedOnToolsVersion = 13.2.1;
					};
				};
			};
			buildConfigurationList = C30EF055279C080E00CAFD65 /* Build configuration list for PBXProject "Currency" */;
			compatibilityVersion = "Xcode 13.0";
			developmentRegion = en;
			hasScannedForEncodings = 0;
			knownRegions = (
				en,
				Base,
			);
			mainGroup = C30EF051279C080E00CAFD65;
			productRefGroup = C30EF05B279C080E00CAFD65 /* Products */;
			projectDirPath = "";
			projectRoot = "";
			targets = (
				C30EF059279C080E00CAFD65 /* Currency */,
			);
		};
/* End PBXProject section */

/* Begin PBXResourcesBuildPhase section */
		C30EF058279C080E00CAFD65 /* Resources */ = {
			isa = PBXResourcesBuildPhase;
			buildActionMask = 2147483647;
			files = (
				C30EF06A279C080F00CAFD65 /* LaunchScreen.storyboard in Resources */,
				C30EF067279C080F00CAFD65 /* Assets.xcassets in Resources */,
				C30EF065279C080E00CAFD65 /* Main.storyboard in Resources */,
			);
			runOnlyForDeploymentPostprocessing = 0;
		};
/* End PBXResourcesBuildPhase section */

/* Begin PBXSourcesBuildPhase section */
		C30EF056279C080E00CAFD65 /* Sources */ = {
			isa = PBXSourcesBuildPhase;
			buildActionMask = 2147483647;
			files = (
				C3AA4924279D59E70030A0F6 /* CurrentDataViewController.swift in Sources */,
				C3AA492A279DA9140030A0F6 /* DataManager.swift in Sources */,
				C33BFD9727A989BD00EC3AF2 /* StorageManager.swift in Sources */,
				C35F23EF279FDED800283FDF /* CurrentDataViewCell.swift in Sources */,
				C3AA491E279D58340030A0F6 /* SelectNewValuteViewController.swift in Sources */,
				C3AA4928279DA7540030A0F6 /* CurrencySelectViewCell.swift in Sources */,
				C3AA4920279D596B0030A0F6 /* NetworkManager.swift in Sources */,
				C30EF05E279C080E00CAFD65 /* AppDelegate.swift in Sources */,
				C3AA492C279DC8AA0030A0F6 /* ModelDataManager.swift in Sources */,
				C30EF060279C080E00CAFD65 /* SceneDelegate.swift in Sources */,
				C37D0A1C279E9914006F6EB9 /* Exchange.swift in Sources */,
			);
			runOnlyForDeploymentPostprocessing = 0;
		};
/* End PBXSourcesBuildPhase section */

/* Begin PBXVariantGroup section */
		C30EF063279C080E00CAFD65 /* Main.storyboard */ = {
			isa = PBXVariantGroup;
			children = (
				C30EF064279C080E00CAFD65 /* Base */,
			);
			name = Main.storyboard;
			sourceTree = "<group>";
		};
		C30EF068279C080F00CAFD65 /* LaunchScreen.storyboard */ = {
			isa = PBXVariantGroup;
			children = (
				C30EF069279C080F00CAFD65 /* Base */,
			);
			name = LaunchScreen.storyboard;
			sourceTree = "<group>";
		};
/* End PBXVariantGroup section */

/* Begin XCBuildConfiguration section */
		C30EF06C279C080F00CAFD65 /* Debug */ = {
			isa = XCBuildConfiguration;
			buildSettings = {
				ALWAYS_SEARCH_USER_PATHS = NO;
				CLANG_ANALYZER_NONNULL = YES;
				CLANG_ANALYZER_NUMBER_OBJECT_CONVERSION = YES_AGGRESSIVE;
				CLANG_CXX_LANGUAGE_STANDARD = "gnu++17";
				CLANG_CXX_LIBRARY = "libc++";
				CLANG_ENABLE_MODULES = YES;
				CLANG_ENABLE_OBJC_ARC = YES;
				CLANG_ENABLE_OBJC_WEAK = YES;
				CLANG_WARN_BLOCK_CAPTURE_AUTORELEASING = YES;
				CLANG_WARN_BOOL_CONVERSION = YES;
				CLANG_WARN_COMMA = YES;
				CLANG_WARN_CONSTANT_CONVERSION = YES;
				CLANG_WARN_DEPRECATED_OBJC_IMPLEMENTATIONS = YES;
				CLANG_WARN_DIRECT_OBJC_ISA_USAGE = YES_ERROR;
				CLANG_WARN_DOCUMENTATION_COMMENTS = YES;
				CLANG_WARN_EMPTY_BODY = YES;
				CLANG_WARN_ENUM_CONVERSION = YES;
				CLANG_WARN_INFINITE_RECURSION = YES;
				CLANG_WARN_INT_CONVERSION = YES;
				CLANG_WARN_NON_LITERAL_NULL_CONVERSION = YES;
				CLANG_WARN_OBJC_IMPLICIT_RETAIN_SELF = YES;
				CLANG_WARN_OBJC_LITERAL_CONVERSION = YES;
				CLANG_WARN_OBJC_ROOT_CLASS = YES_ERROR;
				CLANG_WARN_QUOTED_INCLUDE_IN_FRAMEWORK_HEADER = YES;
				CLANG_WARN_RANGE_LOOP_ANALYSIS = YES;
				CLANG_WARN_STRICT_PROTOTYPES = YES;
				CLANG_WARN_SUSPICIOUS_MOVE = YES;
				CLANG_WARN_UNGUARDED_AVAILABILITY = YES_AGGRESSIVE;
				CLANG_WARN_UNREACHABLE_CODE = YES;
				CLANG_WARN__DUPLICATE_METHOD_MATCH = YES;
				COPY_PHASE_STRIP = NO;
				DEBUG_INFORMATION_FORMAT = dwarf;
				ENABLE_STRICT_OBJC_MSGSEND = YES;
				ENABLE_TESTABILITY = YES;
				GCC_C_LANGUAGE_STANDARD = gnu11;
				GCC_DYNAMIC_NO_PIC = NO;
				GCC_NO_COMMON_BLOCKS = YES;
				GCC_OPTIMIZATION_LEVEL = 0;
				GCC_PREPROCESSOR_DEFINITIONS = (
					"DEBUG=1",
					"$(inherited)",
				);
				GCC_WARN_64_TO_32_BIT_CONVERSION = YES;
				GCC_WARN_ABOUT_RETURN_TYPE = YES_ERROR;
				GCC_WARN_UNDECLARED_SELECTOR = YES;
				GCC_WARN_UNINITIALIZED_AUTOS = YES_AGGRESSIVE;
				GCC_WARN_UNUSED_FUNCTION = YES;
				GCC_WARN_UNUSED_VARIABLE = YES;
				INFOPLIST_FILE = "";
				IPHONEOS_DEPLOYMENT_TARGET = 15.2;
				MTL_ENABLE_DEBUG_INFO = INCLUDE_SOURCE;
				MTL_FAST_MATH = YES;
				ONLY_ACTIVE_ARCH = YES;
				SDKROOT = iphoneos;
				SWIFT_ACTIVE_COMPILATION_CONDITIONS = DEBUG;
				SWIFT_OPTIMIZATION_LEVEL = "-Onone";
			};
			name = Debug;
		};
		C30EF06D279C080F00CAFD65 /* Release */ = {
			isa = XCBuildConfiguration;
			buildSettings = {
				ALWAYS_SEARCH_USER_PATHS = NO;
				CLANG_ANALYZER_NONNULL = YES;
				CLANG_ANALYZER_NUMBER_OBJECT_CONVERSION = YES_AGGRESSIVE;
				CLANG_CXX_LANGUAGE_STANDARD = "gnu++17";
				CLANG_CXX_LIBRARY = "libc++";
				CLANG_ENABLE_MODULES = YES;
				CLANG_ENABLE_OBJC_ARC = YES;
				CLANG_ENABLE_OBJC_WEAK = YES;
				CLANG_WARN_BLOCK_CAPTURE_AUTORELEASING = YES;
				CLANG_WARN_BOOL_CONVERSION = YES;
				CLANG_WARN_COMMA = YES;
				CLANG_WARN_CONSTANT_CONVERSION = YES;
				CLANG_WARN_DEPRECATED_OBJC_IMPLEMENTATIONS = YES;
				CLANG_WARN_DIRECT_OBJC_ISA_USAGE = YES_ERROR;
				CLANG_WARN_DOCUMENTATION_COMMENTS = YES;
				CLANG_WARN_EMPTY_BODY = YES;
				CLANG_WARN_ENUM_CONVERSION = YES;
				CLANG_WARN_INFINITE_RECURSION = YES;
				CLANG_WARN_INT_CONVERSION = YES;
				CLANG_WARN_NON_LITERAL_NULL_CONVERSION = YES;
				CLANG_WARN_OBJC_IMPLICIT_RETAIN_SELF = YES;
				CLANG_WARN_OBJC_LITERAL_CONVERSION = YES;
				CLANG_WARN_OBJC_ROOT_CLASS = YES_ERROR;
				CLANG_WARN_QUOTED_INCLUDE_IN_FRAMEWORK_HEADER = YES;
				CLANG_WARN_RANGE_LOOP_ANALYSIS = YES;
				CLANG_WARN_STRICT_PROTOTYPES = YES;
				CLANG_WARN_SUSPICIOUS_MOVE = YES;
				CLANG_WARN_UNGUARDED_AVAILABILITY = YES_AGGRESSIVE;
				CLANG_WARN_UNREACHABLE_CODE = YES;
				CLANG_WARN__DUPLICATE_METHOD_MATCH = YES;
				COPY_PHASE_STRIP = NO;
				DEBUG_INFORMATION_FORMAT = "dwarf-with-dsym";
				ENABLE_NS_ASSERTIONS = NO;
				ENABLE_STRICT_OBJC_MSGSEND = YES;
				GCC_C_LANGUAGE_STANDARD = gnu11;
				GCC_NO_COMMON_BLOCKS = YES;
				GCC_WARN_64_TO_32_BIT_CONVERSION = YES;
				GCC_WARN_ABOUT_RETURN_TYPE = YES_ERROR;
				GCC_WARN_UNDECLARED_SELECTOR = YES;
				GCC_WARN_UNINITIALIZED_AUTOS = YES_AGGRESSIVE;
				GCC_WARN_UNUSED_FUNCTION = YES;
				GCC_WARN_UNUSED_VARIABLE = YES;
				INFOPLIST_FILE = "";
				IPHONEOS_DEPLOYMENT_TARGET = 15.2;
				MTL_ENABLE_DEBUG_INFO = NO;
				MTL_FAST_MATH = YES;
				SDKROOT = iphoneos;
				SWIFT_COMPILATION_MODE = wholemodule;
				SWIFT_OPTIMIZATION_LEVEL = "-O";
				VALIDATE_PRODUCT = YES;
			};
			name = Release;
		};
		C30EF06F279C080F00CAFD65 /* Debug */ = {
			isa = XCBuildConfiguration;
			buildSettings = {
				ASSETCATALOG_COMPILER_APPICON_NAME = AppIcon;
				ASSETCATALOG_COMPILER_GLOBAL_ACCENT_COLOR_NAME = AccentColor;
				CODE_SIGN_STYLE = Automatic;
				CURRENT_PROJECT_VERSION = 1;
				DEVELOPMENT_TEAM = S4AD5RA4FS;
				GENERATE_INFOPLIST_FILE = YES;
				INFOPLIST_FILE = Currency/SupportingFiles/Info.plist;
				INFOPLIST_KEY_UIApplicationSupportsIndirectInputEvents = YES;
				INFOPLIST_KEY_UILaunchStoryboardName = LaunchScreen;
				INFOPLIST_KEY_UIMainStoryboardFile = Main;
				INFOPLIST_KEY_UISupportedInterfaceOrientations_iPad = "UIInterfaceOrientationPortrait UIInterfaceOrientationPortraitUpsideDown UIInterfaceOrientationLandscapeLeft UIInterfaceOrientationLandscapeRight";
				INFOPLIST_KEY_UISupportedInterfaceOrientations_iPhone = "UIInterfaceOrientationPortrait UIInterfaceOrientationLandscapeLeft UIInterfaceOrientationLandscapeRight";
				LD_RUNPATH_SEARCH_PATHS = (
					"$(inherited)",
					"@executable_path/Frameworks",
				);
				MARKETING_VERSION = 1.0;
				PRODUCT_BUNDLE_IDENTIFIER = Shagiakhmetov.Currency;
				PRODUCT_NAME = "$(TARGET_NAME)";
				SWIFT_EMIT_LOC_STRINGS = YES;
				SWIFT_VERSION = 5.0;
				TARGETED_DEVICE_FAMILY = "1,2";
			};
			name = Debug;
		};
		C30EF070279C080F00CAFD65 /* Release */ = {
			isa = XCBuildConfiguration;
			buildSettings = {
				ASSETCATALOG_COMPILER_APPICON_NAME = AppIcon;
				ASSETCATALOG_COMPILER_GLOBAL_ACCENT_COLOR_NAME = AccentColor;
				CODE_SIGN_STYLE = Automatic;
				CURRENT_PROJECT_VERSION = 1;
				DEVELOPMENT_TEAM = S4AD5RA4FS;
				GENERATE_INFOPLIST_FILE = YES;
				INFOPLIST_FILE = Currency/SupportingFiles/Info.plist;
				INFOPLIST_KEY_UIApplicationSupportsIndirectInputEvents = YES;
				INFOPLIST_KEY_UILaunchStoryboardName = LaunchScreen;
				INFOPLIST_KEY_UIMainStoryboardFile = Main;
				INFOPLIST_KEY_UISupportedInterfaceOrientations_iPad = "UIInterfaceOrientationPortrait UIInterfaceOrientationPortraitUpsideDown UIInterfaceOrientationLandscapeLeft UIInterfaceOrientationLandscapeRight";
				INFOPLIST_KEY_UISupportedInterfaceOrientations_iPhone = "UIInterfaceOrientationPortrait UIInterfaceOrientationLandscapeLeft UIInterfaceOrientationLandscapeRight";
				LD_RUNPATH_SEARCH_PATHS = (
					"$(inherited)",
					"@executable_path/Frameworks",
				);
				MARKETING_VERSION = 1.0;
				PRODUCT_BUNDLE_IDENTIFIER = Shagiakhmetov.Currency;
				PRODUCT_NAME = "$(TARGET_NAME)";
				SWIFT_EMIT_LOC_STRINGS = YES;
				SWIFT_VERSION = 5.0;
				TARGETED_DEVICE_FAMILY = "1,2";
			};
			name = Release;
		};
/* End XCBuildConfiguration section */

/* Begin XCConfigurationList section */
		C30EF055279C080E00CAFD65 /* Build configuration list for PBXProject "Currency" */ = {
			isa = XCConfigurationList;
			buildConfigurations = (
				C30EF06C279C080F00CAFD65 /* Debug */,
				C30EF06D279C080F00CAFD65 /* Release */,
			);
			defaultConfigurationIsVisible = 0;
			defaultConfigurationName = Release;
		};
		C30EF06E279C080F00CAFD65 /* Build configuration list for PBXNativeTarget "Currency" */ = {
			isa = XCConfigurationList;
			buildConfigurations = (
				C30EF06F279C080F00CAFD65 /* Debug */,
				C30EF070279C080F00CAFD65 /* Release */,
			);
			defaultConfigurationIsVisible = 0;
			defaultConfigurationName = Release;
		};
/* End XCConfigurationList section */
	};
	rootObject = C30EF052279C080E00CAFD65 /* Project object */;
}
